
Microsoft Visual Studio Solution File, Format Version 12.00
# Visual Studio Version 16
VisualStudioVersion = 16.0.31911.196
MinimumVisualStudioVersion = 10.0.40219.1
Project("{FAE04EC0-301F-11D3-BF4B-00C04F79EFBC}") = "DogeyEngine Launcher", "DogeyEngine Launcher\DogeyEngine Launcher.csproj", "{B60B1201-BBD0-4273-AD71-CABEE3D07EC6}"
EndProject
Global
	GlobalSection(SolutionConfigurationPlatforms) = preSolution
		Debug|Any CPU = Debug|Any CPU
		Release|Any CPU = Release|Any CPU
	EndGlobalSection
	GlobalSection(ProjectConfigurationPlatforms) = postSolution
		{B60B1201-BBD0-4273-AD71-CABEE3D07EC6}.Debug|Any CPU.ActiveCfg = Debug|Any CPU
		{B60B1201-BBD0-4273-AD71-CABEE3D07EC6}.Debug|Any CPU.Build.0 = Debug|Any CPU
		{B60B1201-BBD0-4273-AD71-CABEE3D07EC6}.Release|Any CPU.ActiveCfg = Release|Any CPU
		{B60B1201-BBD0-4273-AD71-CABEE3D07EC6}.Release|Any CPU.Build.0 = Release|Any CPU
	EndGlobalSection
	GlobalSection(SolutionProperties) = preSolution
		HideSolutionNode = FALSE
	EndGlobalSection
	GlobalSection(ExtensibilityGlobals) = postSolution
		SolutionGuid = {BE6FE803-6834-4434-A236-F93E0055B458}
	EndGlobalSection
EndGlobal
